// !$*UTF8*$!
{
	archiveVersion = 1;
	classes = {
	};
	objectVersion = 50;
	objects = {

/* Begin PBXBuildFile section */
		BE2C109E253F3412007AA652 /* AppDelegate.swift in Sources */ = {isa = PBXBuildFile; fileRef = BE2C109D253F3412007AA652 /* AppDelegate.swift */; };
		BE2C10A0253F3412007AA652 /* SceneDelegate.swift in Sources */ = {isa = PBXBuildFile; fileRef = BE2C109F253F3412007AA652 /* SceneDelegate.swift */; };
		BE2C10A2253F3412007AA652 /* ViewController.swift in Sources */ = {isa = PBXBuildFile; fileRef = BE2C10A1253F3412007AA652 /* ViewController.swift */; };
		BE2C10A5253F3412007AA652 /* Main.storyboard in Resources */ = {isa = PBXBuildFile; fileRef = BE2C10A3253F3412007AA652 /* Main.storyboard */; };
		BE2C10A7253F3413007AA652 /* Assets.xcassets in Resources */ = {isa = PBXBuildFile; fileRef = BE2C10A6253F3413007AA652 /* Assets.xcassets */; };
		BE2C10AA253F3413007AA652 /* LaunchScreen.storyboard in Resources */ = {isa = PBXBuildFile; fileRef = BE2C10A8253F3413007AA652 /* LaunchScreen.storyboard */; };
/* End PBXBuildFile section */

/* Begin PBXFileReference section */
		BE2C109A253F3412007AA652 /* Water Timer.app */ = {isa = PBXFileReference; explicitFileType = wrapper.application; includeInIndex = 0; path = "Water Timer.app"; sourceTree = BUILT_PRODUCTS_DIR; };
		BE2C109D253F3412007AA652 /* AppDelegate.swift */ = {isa = PBXFileReference; lastKnownFileType = sourcecode.swift; path = AppDelegate.swift; sourceTree = "<group>"; };
		BE2C109F253F3412007AA652 /* SceneDelegate.swift */ = {isa = PBXFileReference; lastKnownFileType = sourcecode.swift; path = SceneDelegate.swift; sourceTree = "<group>"; };
		BE2C10A1253F3412007AA652 /* ViewController.swift */ = {isa = PBXFileReference; lastKnownFileType = sourcecode.swift; path = ViewController.swift; sourceTree = "<group>"; };
		BE2C10A4253F3412007AA652 /* Base */ = {isa = PBXFileReference; lastKnownFileType = file.storyboard; name = Base; path = Base.lproj/Main.storyboard; sourceTree = "<group>"; };
		BE2C10A6253F3413007AA652 /* Assets.xcassets */ = {isa = PBXFileReference; lastKnownFileType = folder.assetcatalog; path = Assets.xcassets; sourceTree = "<group>"; };
		BE2C10A9253F3413007AA652 /* Base */ = {isa = PBXFileReference; lastKnownFileType = file.storyboard; name = Base; path = Base.lproj/LaunchScreen.storyboard; sourceTree = "<group>"; };
		BE2C10AB253F3413007AA652 /* Info.plist */ = {isa = PBXFileReference; lastKnownFileType = text.plist.xml; path = Info.plist; sourceTree = "<group>"; };
/* End PBXFileReference section */

/* Begin PBXFrameworksBuildPhase section */
		BE2C1097253F3412007AA652 /* Frameworks */ = {
			isa = PBXFrameworksBuildPhase;
			buildActionMask = 2147483647;
			files = (
			);
			runOnlyForDeploymentPostprocessing = 0;
		};
/* End PBXFrameworksBuildPhase section */

/* Begin PBXGroup section */
		BE2C1091253F3412007AA652 = {
			isa = PBXGroup;
			children = (
				BE2C109C253F3412007AA652 /* Water Timer */,
				BE2C109B253F3412007AA652 /* Products */,
			);
			sourceTree = "<group>";
		};
		BE2C109B253F3412007AA652 /* Products */ = {
			isa = PBXGroup;
			children = (
				BE2C109A253F3412007AA652 /* Water Timer.app */,
			);
			name = Products;
			sourceTree = "<group>";
		};
		BE2C109C253F3412007AA652 /* Water Timer */ = {
			isa = PBXGroup;
			children = (
				BE6BB08328C39EE200BB8F03 /* Model */,
				BE6BB08228C39ECF00BB8F03 /* View */,
				BE6BB08428C39F0500BB8F03 /* Controller */,
				BE2C10A6253F3413007AA652 /* Assets.xcassets */,
				BE2C10AB253F3413007AA652 /* Info.plist */,
			);
			path = "Water Timer";
			sourceTree = "<group>";
		};
		BE6BB08228C39ECF00BB8F03 /* View */ = {
			isa = PBXGroup;
			children = (
				BE2C10A8253F3413007AA652 /* LaunchScreen.storyboard */,
				BE2C10A3253F3412007AA652 /* Main.storyboard */,
			);
			path = View;
			sourceTree = "<group>";
		};
		BE6BB08328C39EE200BB8F03 /* Model */ = {
			isa = PBXGroup;
			children = (
				BE2C109F253F3412007AA652 /* SceneDelegate.swift */,
				BE2C109D253F3412007AA652 /* AppDelegate.swift */,
			);
			path = Model;
			sourceTree = "<group>";
		};
		BE6BB08428C39F0500BB8F03 /* Controller */ = {
			isa = PBXGroup;
			children = (
				BE2C10A1253F3412007AA652 /* ViewController.swift */,
			);
			path = Controller;
			sourceTree = "<group>";
		};
/* End PBXGroup section */

/* Begin PBXNativeTarget section */
		BE2C1099253F3412007AA652 /* Water Timer */ = {
			isa = PBXNativeTarget;
			buildConfigurationList = BE2C10AE253F3413007AA652 /* Build configuration list for PBXNativeTarget "Water Timer" */;
			buildPhases = (
				BE2C1096253F3412007AA652 /* Sources */,
				BE2C1097253F3412007AA652 /* Frameworks */,
				BE2C1098253F3412007AA652 /* Resources */,
			);
			buildRules = (
			);
			dependencies = (
			);
			name = "Water Timer";
			productName = "Water Timer";
			productReference = BE2C109A253F3412007AA652 /* Water Timer.app */;
			productType = "com.apple.product-type.application";
		};
/* End PBXNativeTarget section */

/* Begin PBXProject section */
		BE2C1092253F3412007AA652 /* Project object */ = {
			isa = PBXProject;
			attributes = {
				LastSwiftUpdateCheck = 1200;
				LastUpgradeCheck = 1200;
				TargetAttributes = {
					BE2C1099253F3412007AA652 = {
						CreatedOnToolsVersion = 12.0.1;
					};
				};
			};
			buildConfigurationList = BE2C1095253F3412007AA652 /* Build configuration list for PBXProject "Water Timer" */;
			compatibilityVersion = "Xcode 9.3";
			developmentRegion = en;
			hasScannedForEncodings = 0;
			knownRegions = (
				en,
				Base,
			);
			mainGroup = BE2C1091253F3412007AA652;
			productRefGroup = BE2C109B253F3412007AA652 /* Products */;
			projectDirPath = "";
			projectRoot = "";
			targets = (
				BE2C1099253F3412007AA652 /* Water Timer */,
			);
		};
/* End PBXProject section */

/* Begin PBXResourcesBuildPhase section */
		BE2C1098253F3412007AA652 /* Resources */ = {
			isa = PBXResourcesBuildPhase;
			buildActionMask = 2147483647;
			files = (
				BE2C10AA253F3413007AA652 /* LaunchScreen.storyboard in Resources */,
				BE2C10A7253F3413007AA652 /* Assets.xcassets in Resources */,
				BE2C10A5253F3412007AA652 /* Main.storyboard in Resources */,
			);
			runOnlyForDeploymentPostprocessing = 0;
		};
/* End PBXResourcesBuildPhase section */

/* Begin PBXSourcesBuildPhase section */
		BE2C1096253F3412007AA652 /* Sources */ = {
			isa = PBXSourcesBuildPhase;
			buildActionMask = 2147483647;
			files = (
				BE2C10A2253F3412007AA652 /* ViewController.swift in Sources */,
				BE2C109E253F3412007AA652 /* AppDelegate.swift in Sources */,
				BE2C10A0253F3412007AA652 /* SceneDelegate.swift in Sources */,
			);
			runOnlyForDeploymentPostprocessing = 0;
		};
/* End PBXSourcesBuildPhase section */

/* Begin PBXVariantGroup section */
		BE2C10A3253F3412007AA652 /* Main.storyboard */ = {
			isa = PBXVariantGroup;
			children = (
				BE2C10A4253F3412007AA652 /* Base */,
			);
			name = Main.storyboard;
			sourceTree = "<group>";
		};
		BE2C10A8253F3413007AA652 /* LaunchScreen.storyboard */ = {
			isa = PBXVariantGroup;
			children = (
				BE2C10A9253F3413007AA652 /* Base */,
			);
			name = LaunchScreen.storyboard;
			sourceTree = "<group>";
		};
/* End PBXVariantGroup section */

/* Begin XCBuildConfiguration section */
		BE2C10AC253F3413007AA652 /* Debug */ = {
			isa = XCBuildConfiguration;
			buildSettings = {
				ALWAYS_SEARCH_USER_PATHS = NO;
				CLANG_ANALYZER_NONNULL = YES;
				CLANG_ANALYZER_NUMBER_OBJECT_CONVERSION = YES_AGGRESSIVE;
				CLANG_CXX_LANGUAGE_STANDARD = "gnu++14";
				CLANG_CXX_LIBRARY = "libc++";
				CLANG_ENABLE_MODULES = YES;
				CLANG_ENABLE_OBJC_ARC = YES;
				CLANG_ENABLE_OBJC_WEAK = YES;
				CLANG_WARN_BLOCK_CAPTURE_AUTORELEASING = YES;
				CLANG_WARN_BOOL_CONVERSION = YES;
				CLANG_WARN_COMMA = YES;
				CLANG_WARN_CONSTANT_CONVERSION = YES;
				CLANG_WARN_DEPRECATED_OBJC_IMPLEMENTATIONS = YES;
				CLANG_WARN_DIRECT_OBJC_ISA_USAGE = YES_ERROR;
				CLANG_WARN_DOCUMENTATION_COMMENTS = YES;
				CLANG_WARN_EMPTY_BODY = YES;
				CLANG_WARN_ENUM_CONVERSION = YES;
				CLANG_WARN_INFINITE_RECURSION = YES;
				CLANG_WARN_INT_CONVERSION = YES;
				CLANG_WARN_NON_LITERAL_NULL_CONVERSION = YES;
				CLANG_WARN_OBJC_IMPLICIT_RETAIN_SELF = YES;
				CLANG_WARN_OBJC_LITERAL_CONVERSION = YES;
				CLANG_WARN_OBJC_ROOT_CLASS = YES_ERROR;
				CLANG_WARN_QUOTED_INCLUDE_IN_FRAMEWORK_HEADER = YES;
				CLANG_WARN_RANGE_LOOP_ANALYSIS = YES;
				CLANG_WARN_STRICT_PROTOTYPES = YES;
				CLANG_WARN_SUSPICIOUS_MOVE = YES;
				CLANG_WARN_UNGUARDED_AVAILABILITY = YES_AGGRESSIVE;
				CLANG_WARN_UNREACHABLE_CODE = YES;
				CLANG_WARN__DUPLICATE_METHOD_MATCH = YES;
				COPY_PHASE_STRIP = NO;
				DEBUG_INFORMATION_FORMAT = dwarf;
				ENABLE_STRICT_OBJC_MSGSEND = YES;
				ENABLE_TESTABILITY = YES;
				GCC_C_LANGUAGE_STANDARD = gnu11;
				GCC_DYNAMIC_NO_PIC = NO;
				GCC_NO_COMMON_BLOCKS = YES;
				GCC_OPTIMIZATION_LEVEL = 0;
				GCC_PREPROCESSOR_DEFINITIONS = (
					"DEBUG=1",
					"$(inherited)",
				);
				GCC_WARN_64_TO_32_BIT_CONVERSION = YES;
				GCC_WARN_ABOUT_RETURN_TYPE = YES_ERROR;
				GCC_WARN_UNDECLARED_SELECTOR = YES;
				GCC_WARN_UNINITIALIZED_AUTOS = YES_AGGRESSIVE;
				GCC_WARN_UNUSED_FUNCTION = YES;
				GCC_WARN_UNUSED_VARIABLE = YES;
				IPHONEOS_DEPLOYMENT_TARGET = 14.0;
				MTL_ENABLE_DEBUG_INFO = INCLUDE_SOURCE;
				MTL_FAST_MATH = YES;
				ONLY_ACTIVE_ARCH = YES;
				SDKROOT = iphoneos;
				SWIFT_ACTIVE_COMPILATION_CONDITIONS = DEBUG;
				SWIFT_OPTIMIZATION_LEVEL = "-Onone";
			};
			name = Debug;
		};
		BE2C10AD253F3413007AA652 /* Release */ = {
			isa = XCBuildConfiguration;
			buildSettings = {
				ALWAYS_SEARCH_USER_PATHS = NO;
				CLANG_ANALYZER_NONNULL = YES;
				CLANG_ANALYZER_NUMBER_OBJECT_CONVERSION = YES_AGGRESSIVE;
				CLANG_CXX_LANGUAGE_STANDARD = "gnu++14";
				CLANG_CXX_LIBRARY = "libc++";
				CLANG_ENABLE_MODULES = YES;
				CLANG_ENABLE_OBJC_ARC = YES;
				CLANG_ENABLE_OBJC_WEAK = YES;
				CLANG_WARN_BLOCK_CAPTURE_AUTORELEASING = YES;
				CLANG_WARN_BOOL_CONVERSION = YES;
				CLANG_WARN_COMMA = YES;
				CLANG_WARN_CONSTANT_CONVERSION = YES;
				CLANG_WARN_DEPRECATED_OBJC_IMPLEMENTATIONS = YES;
				CLANG_WARN_DIRECT_OBJC_ISA_USAGE = YES_ERROR;
				CLANG_WARN_DOCUMENTATION_COMMENTS = YES;
				CLANG_WARN_EMPTY_BODY = YES;
				CLANG_WARN_ENUM_CONVERSION = YES;
				CLANG_WARN_INFINITE_RECURSION = YES;
				CLANG_WARN_INT_CONVERSION = YES;
				CLANG_WARN_NON_LITERAL_NULL_CONVERSION = YES;
				CLANG_WARN_OBJC_IMPLICIT_RETAIN_SELF = YES;
				CLANG_WARN_OBJC_LITERAL_CONVERSION = YES;
				CLANG_WARN_OBJC_ROOT_CLASS = YES_ERROR;
				CLANG_WARN_QUOTED_INCLUDE_IN_FRAMEWORK_HEADER = YES;
				CLANG_WARN_RANGE_LOOP_ANALYSIS = YES;
				CLANG_WARN_STRICT_PROTOTYPES = YES;
				CLANG_WARN_SUSPICIOUS_MOVE = YES;
				CLANG_WARN_UNGUARDED_AVAILABILITY = YES_AGGRESSIVE;
				CLANG_WARN_UNREACHABLE_CODE = YES;
				CLANG_WARN__DUPLICATE_METHOD_MATCH = YES;
				COPY_PHASE_STRIP = NO;
				DEBUG_INFORMATION_FORMAT = "dwarf-with-dsym";
				ENABLE_NS_ASSERTIONS = NO;
				ENABLE_STRICT_OBJC_MSGSEND = YES;
				GCC_C_LANGUAGE_STANDARD = gnu11;
				GCC_NO_COMMON_BLOCKS = YES;
				GCC_WARN_64_TO_32_BIT_CONVERSION = YES;
				GCC_WARN_ABOUT_RETURN_TYPE = YES_ERROR;
				GCC_WARN_UNDECLARED_SELECTOR = YES;
				GCC_WARN_UNINITIALIZED_AUTOS = YES_AGGRESSIVE;
				GCC_WARN_UNUSED_FUNCTION = YES;
				GCC_WARN_UNUSED_VARIABLE = YES;
				IPHONEOS_DEPLOYMENT_TARGET = 14.0;
				MTL_ENABLE_DEBUG_INFO = NO;
				MTL_FAST_MATH = YES;
				SDKROOT = iphoneos;
				SWIFT_COMPILATION_MODE = wholemodule;
				SWIFT_OPTIMIZATION_LEVEL = "-O";
				VALIDATE_PRODUCT = YES;
			};
			name = Release;
		};
		BE2C10AF253F3413007AA652 /* Debug */ = {
			isa = XCBuildConfiguration;
			buildSettings = {
				ASSETCATALOG_COMPILER_APPICON_NAME = AppIcon;
				ASSETCATALOG_COMPILER_GLOBAL_ACCENT_COLOR_NAME = AccentColor;
				CODE_SIGN_STYLE = Automatic;
				DEVELOPMENT_TEAM = YUQKJFLW6E;
				INFOPLIST_FILE = "Water Timer/Info.plist";
				LD_RUNPATH_SEARCH_PATHS = (
					"$(inherited)",
					"@executable_path/Frameworks",
				);
				PRODUCT_BUNDLE_IDENTIFIER = "Nick.Water-Timer";
				PRODUCT_NAME = "$(TARGET_NAME)";
				SWIFT_VERSION = 5.0;
				TARGETED_DEVICE_FAMILY = "1,2";
			};
			name = Debug;
		};
		BE2C10B0253F3413007AA652 /* Release */ = {
			isa = XCBuildConfiguration;
			buildSettings = {
				ASSETCATALOG_COMPILER_APPICON_NAME = AppIcon;
				ASSETCATALOG_COMPILER_GLOBAL_ACCENT_COLOR_NAME = AccentColor;
				CODE_SIGN_STYLE = Automatic;
				DEVELOPMENT_TEAM = YUQKJFLW6E;
				INFOPLIST_FILE = "Water Timer/Info.plist";
				LD_RUNPATH_SEARCH_PATHS = (
					"$(inherited)",
					"@executable_path/Frameworks",
				);
				PRODUCT_BUNDLE_IDENTIFIER = "Nick.Water-Timer";
				PRODUCT_NAME = "$(TARGET_NAME)";
				SWIFT_VERSION = 5.0;
				TARGETED_DEVICE_FAMILY = "1,2";
			};
			name = Release;
		};
/* End XCBuildConfiguration section */

/* Begin XCConfigurationList section */
		BE2C1095253F3412007AA652 /* Build configuration list for PBXProject "Water Timer" */ = {
			isa = XCConfigurationList;
			buildConfigurations = (
				BE2C10AC253F3413007AA652 /* Debug */,
				BE2C10AD253F3413007AA652 /* Release */,
			);
			defaultConfigurationIsVisible = 0;
			defaultConfigurationName = Release;
		};
		BE2C10AE253F3413007AA652 /* Build configuration list for PBXNativeTarget "Water Timer" */ = {
			isa = XCConfigurationList;
			buildConfigurations = (
				BE2C10AF253F3413007AA652 /* Debug */,
				BE2C10B0253F3413007AA652 /* Release */,
			);
			defaultConfigurationIsVisible = 0;
			defaultConfigurationName = Release;
		};
/* End XCConfigurationList section */
	};
	rootObject = BE2C1092253F3412007AA652 /* Project object */;
}
